// !$*UTF8*$!
{
	archiveVersion = 1;
	classes = {
	};
	objectVersion = 46;
	objects = {

/* Begin PBXBuildFile section */
		B6824BBE1E6FF999004CD129 /* AppDelegate.swift in Sources */ = {isa = PBXBuildFile; fileRef = B6824BBD1E6FF999004CD129 /* AppDelegate.swift */; };
		B6824BC01E6FF999004CD129 /* CritterViewController.swift in Sources */ = {isa = PBXBuildFile; fileRef = B6824BBF1E6FF999004CD129 /* CritterViewController.swift */; };
		B6824BC31E6FF999004CD129 /* Main.storyboard in Resources */ = {isa = PBXBuildFile; fileRef = B6824BC11E6FF999004CD129 /* Main.storyboard */; };
		B6824BC51E6FF999004CD129 /* Assets.xcassets in Resources */ = {isa = PBXBuildFile; fileRef = B6824BC41E6FF999004CD129 /* Assets.xcassets */; };
		B6824BC81E6FF999004CD129 /* LaunchScreen.storyboard in Resources */ = {isa = PBXBuildFile; fileRef = B6824BC61E6FF999004CD129 /* LaunchScreen.storyboard */; };
		B6824BD31E6FF99A004CD129 /* CatTrackerTests.swift in Sources */ = {isa = PBXBuildFile; fileRef = B6824BD21E6FF99A004CD129 /* CatTrackerTests.swift */; };
		B6824BDE1E752F94004CD129 /* Critter.swift in Sources */ = {isa = PBXBuildFile; fileRef = B6824BDD1E752F93004CD129 /* Critter.swift */; };
		B6824BE01E7530B5004CD129 /* CritterTableViewCell.swift in Sources */ = {isa = PBXBuildFile; fileRef = B6824BDF1E7530B5004CD129 /* CritterTableViewCell.swift */; };
		B6824BE21E753534004CD129 /* CritterTableViewController.swift in Sources */ = {isa = PBXBuildFile; fileRef = B6824BE11E753534004CD129 /* CritterTableViewController.swift */; };
/* End PBXBuildFile section */

/* Begin PBXContainerItemProxy section */
		B6824BCF1E6FF99A004CD129 /* PBXContainerItemProxy */ = {
			isa = PBXContainerItemProxy;
			containerPortal = B6824BB21E6FF999004CD129 /* Project object */;
			proxyType = 1;
			remoteGlobalIDString = B6824BB91E6FF999004CD129;
			remoteInfo = CatTracker;
		};
/* End PBXContainerItemProxy section */

/* Begin PBXFileReference section */
		B6824BBA1E6FF999004CD129 /* CatTracker.app */ = {isa = PBXFileReference; explicitFileType = wrapper.application; includeInIndex = 0; path = CatTracker.app; sourceTree = BUILT_PRODUCTS_DIR; };
		B6824BBD1E6FF999004CD129 /* AppDelegate.swift */ = {isa = PBXFileReference; lastKnownFileType = sourcecode.swift; path = AppDelegate.swift; sourceTree = "<group>"; };
		B6824BBF1E6FF999004CD129 /* CritterViewController.swift */ = {isa = PBXFileReference; lastKnownFileType = sourcecode.swift; path = CritterViewController.swift; sourceTree = "<group>"; };
		B6824BC21E6FF999004CD129 /* Base */ = {isa = PBXFileReference; lastKnownFileType = file.storyboard; name = Base; path = Base.lproj/Main.storyboard; sourceTree = "<group>"; };
		B6824BC41E6FF999004CD129 /* Assets.xcassets */ = {isa = PBXFileReference; lastKnownFileType = folder.assetcatalog; path = Assets.xcassets; sourceTree = "<group>"; };
		B6824BC71E6FF999004CD129 /* Base */ = {isa = PBXFileReference; lastKnownFileType = file.storyboard; name = Base; path = Base.lproj/LaunchScreen.storyboard; sourceTree = "<group>"; };
		B6824BC91E6FF999004CD129 /* Info.plist */ = {isa = PBXFileReference; lastKnownFileType = text.plist.xml; path = Info.plist; sourceTree = "<group>"; };
		B6824BCE1E6FF99A004CD129 /* CatTrackerTests.xctest */ = {isa = PBXFileReference; explicitFileType = wrapper.cfbundle; includeInIndex = 0; path = CatTrackerTests.xctest; sourceTree = BUILT_PRODUCTS_DIR; };
		B6824BD21E6FF99A004CD129 /* CatTrackerTests.swift */ = {isa = PBXFileReference; lastKnownFileType = sourcecode.swift; path = CatTrackerTests.swift; sourceTree = "<group>"; };
		B6824BD41E6FF99A004CD129 /* Info.plist */ = {isa = PBXFileReference; lastKnownFileType = text.plist.xml; path = Info.plist; sourceTree = "<group>"; };
		B6824BDD1E752F93004CD129 /* Critter.swift */ = {isa = PBXFileReference; fileEncoding = 4; lastKnownFileType = sourcecode.swift; path = Critter.swift; sourceTree = "<group>"; };
		B6824BDF1E7530B5004CD129 /* CritterTableViewCell.swift */ = {isa = PBXFileReference; fileEncoding = 4; lastKnownFileType = sourcecode.swift; path = CritterTableViewCell.swift; sourceTree = "<group>"; };
		B6824BE11E753534004CD129 /* CritterTableViewController.swift */ = {isa = PBXFileReference; fileEncoding = 4; lastKnownFileType = sourcecode.swift; path = CritterTableViewController.swift; sourceTree = "<group>"; };
/* End PBXFileReference section */

/* Begin PBXFrameworksBuildPhase section */
		B6824BB71E6FF999004CD129 /* Frameworks */ = {
			isa = PBXFrameworksBuildPhase;
			buildActionMask = 2147483647;
			files = (
			);
			runOnlyForDeploymentPostprocessing = 0;
		};
		B6824BCB1E6FF99A004CD129 /* Frameworks */ = {
			isa = PBXFrameworksBuildPhase;
			buildActionMask = 2147483647;
			files = (
			);
			runOnlyForDeploymentPostprocessing = 0;
		};
/* End PBXFrameworksBuildPhase section */

/* Begin PBXGroup section */
		B6824BB11E6FF999004CD129 = {
			isa = PBXGroup;
			children = (
				B6824BBC1E6FF999004CD129 /* CatTracker */,
				B6824BD11E6FF99A004CD129 /* CatTrackerTests */,
				B6824BBB1E6FF999004CD129 /* Products */,
			);
			sourceTree = "<group>";
		};
		B6824BBB1E6FF999004CD129 /* Products */ = {
			isa = PBXGroup;
			children = (
				B6824BBA1E6FF999004CD129 /* CatTracker.app */,
				B6824BCE1E6FF99A004CD129 /* CatTrackerTests.xctest */,
			);
			name = Products;
			sourceTree = "<group>";
		};
		B6824BBC1E6FF999004CD129 /* CatTracker */ = {
			isa = PBXGroup;
			children = (
				B6824BBD1E6FF999004CD129 /* AppDelegate.swift */,
				B6824BBF1E6FF999004CD129 /* CritterViewController.swift */,
				B6824BDD1E752F93004CD129 /* Critter.swift */,
				B6824BDF1E7530B5004CD129 /* CritterTableViewCell.swift */,
				B6824BE11E753534004CD129 /* CritterTableViewController.swift */,
				B6824BC11E6FF999004CD129 /* Main.storyboard */,
				B6824BC41E6FF999004CD129 /* Assets.xcassets */,
				B6824BC61E6FF999004CD129 /* LaunchScreen.storyboard */,
				B6824BC91E6FF999004CD129 /* Info.plist */,
			);
			path = CatTracker;
			sourceTree = "<group>";
		};
		B6824BD11E6FF99A004CD129 /* CatTrackerTests */ = {
			isa = PBXGroup;
			children = (
				B6824BD21E6FF99A004CD129 /* CatTrackerTests.swift */,
				B6824BD41E6FF99A004CD129 /* Info.plist */,
			);
			path = CatTrackerTests;
			sourceTree = "<group>";
		};
/* End PBXGroup section */

/* Begin PBXNativeTarget section */
		B6824BB91E6FF999004CD129 /* CatTracker */ = {
			isa = PBXNativeTarget;
			buildConfigurationList = B6824BD71E6FF99A004CD129 /* Build configuration list for PBXNativeTarget "CatTracker" */;
			buildPhases = (
				B6824BB61E6FF999004CD129 /* Sources */,
				B6824BB71E6FF999004CD129 /* Frameworks */,
				B6824BB81E6FF999004CD129 /* Resources */,
			);
			buildRules = (
			);
			dependencies = (
			);
			name = CatTracker;
			productName = CatTracker;
			productReference = B6824BBA1E6FF999004CD129 /* CatTracker.app */;
			productType = "com.apple.product-type.application";
		};
		B6824BCD1E6FF99A004CD129 /* CatTrackerTests */ = {
			isa = PBXNativeTarget;
			buildConfigurationList = B6824BDA1E6FF99A004CD129 /* Build configuration list for PBXNativeTarget "CatTrackerTests" */;
			buildPhases = (
				B6824BCA1E6FF99A004CD129 /* Sources */,
				B6824BCB1E6FF99A004CD129 /* Frameworks */,
				B6824BCC1E6FF99A004CD129 /* Resources */,
			);
			buildRules = (
			);
			dependencies = (
				B6824BD01E6FF99A004CD129 /* PBXTargetDependency */,
			);
			name = CatTrackerTests;
			productName = CatTrackerTests;
			productReference = B6824BCE1E6FF99A004CD129 /* CatTrackerTests.xctest */;
			productType = "com.apple.product-type.bundle.unit-test";
		};
/* End PBXNativeTarget section */

/* Begin PBXProject section */
		B6824BB21E6FF999004CD129 /* Project object */ = {
			isa = PBXProject;
			attributes = {
				LastSwiftUpdateCheck = 0820;
				LastUpgradeCheck = 0820;
				ORGANIZATIONNAME = 901lab;
				TargetAttributes = {
					B6824BB91E6FF999004CD129 = {
						CreatedOnToolsVersion = 8.2.1;
						ProvisioningStyle = Automatic;
					};
					B6824BCD1E6FF99A004CD129 = {
						CreatedOnToolsVersion = 8.2.1;
						ProvisioningStyle = Automatic;
						TestTargetID = B6824BB91E6FF999004CD129;
					};
				};
			};
			buildConfigurationList = B6824BB51E6FF999004CD129 /* Build configuration list for PBXProject "CatTracker" */;
			compatibilityVersion = "Xcode 3.2";
			developmentRegion = English;
			hasScannedForEncodings = 0;
			knownRegions = (
				en,
				Base,
			);
			mainGroup = B6824BB11E6FF999004CD129;
			productRefGroup = B6824BBB1E6FF999004CD129 /* Products */;
			projectDirPath = "";
			projectRoot = "";
			targets = (
				B6824BB91E6FF999004CD129 /* CatTracker */,
				B6824BCD1E6FF99A004CD129 /* CatTrackerTests */,
			);
		};
/* End PBXProject section */

/* Begin PBXResourcesBuildPhase section */
		B6824BB81E6FF999004CD129 /* Resources */ = {
			isa = PBXResourcesBuildPhase;
			buildActionMask = 2147483647;
			files = (
				B6824BC81E6FF999004CD129 /* LaunchScreen.storyboard in Resources */,
				B6824BC51E6FF999004CD129 /* Assets.xcassets in Resources */,
				B6824BC31E6FF999004CD129 /* Main.storyboard in Resources */,
			);
			runOnlyForDeploymentPostprocessing = 0;
		};
		B6824BCC1E6FF99A004CD129 /* Resources */ = {
			isa = PBXResourcesBuildPhase;
			buildActionMask = 2147483647;
			files = (
			);
			runOnlyForDeploymentPostprocessing = 0;
		};
/* End PBXResourcesBuildPhase section */

/* Begin PBXSourcesBuildPhase section */
		B6824BB61E6FF999004CD129 /* Sources */ = {
			isa = PBXSourcesBuildPhase;
			buildActionMask = 2147483647;
			files = (
				B6824BC01E6FF999004CD129 /* CritterViewController.swift in Sources */,
				B6824BE01E7530B5004CD129 /* CritterTableViewCell.swift in Sources */,
				B6824BE21E753534004CD129 /* CritterTableViewController.swift in Sources */,
				B6824BDE1E752F94004CD129 /* Critter.swift in Sources */,
				B6824BBE1E6FF999004CD129 /* AppDelegate.swift in Sources */,
			);
			runOnlyForDeploymentPostprocessing = 0;
		};
		B6824BCA1E6FF99A004CD129 /* Sources */ = {
			isa = PBXSourcesBuildPhase;
			buildActionMask = 2147483647;
			files = (
				B6824BD31E6FF99A004CD129 /* CatTrackerTests.swift in Sources */,
			);
			runOnlyForDeploymentPostprocessing = 0;
		};
/* End PBXSourcesBuildPhase section */

/* Begin PBXTargetDependency section */
		B6824BD01E6FF99A004CD129 /* PBXTargetDependency */ = {
			isa = PBXTargetDependency;
			target = B6824BB91E6FF999004CD129 /* CatTracker */;
			targetProxy = B6824BCF1E6FF99A004CD129 /* PBXContainerItemProxy */;
		};
/* End PBXTargetDependency section */

/* Begin PBXVariantGroup section */
		B6824BC11E6FF999004CD129 /* Main.storyboard */ = {
			isa = PBXVariantGroup;
			children = (
				B6824BC21E6FF999004CD129 /* Base */,
			);
			name = Main.storyboard;
			sourceTree = "<group>";
		};
		B6824BC61E6FF999004CD129 /* LaunchScreen.storyboard */ = {
			isa = PBXVariantGroup;
			children = (
				B6824BC71E6FF999004CD129 /* Base */,
			);
			name = LaunchScreen.storyboard;
			sourceTree = "<group>";
		};
/* End PBXVariantGroup section */

/* Begin XCBuildConfiguration section */
		B6824BD51E6FF99A004CD129 /* Debug */ = {
			isa = XCBuildConfiguration;
			buildSettings = {
				ALWAYS_SEARCH_USER_PATHS = NO;
				CLANG_ANALYZER_NONNULL = YES;
				CLANG_CXX_LANGUAGE_STANDARD = "gnu++0x";
				CLANG_CXX_LIBRARY = "libc++";
				CLANG_ENABLE_MODULES = YES;
				CLANG_ENABLE_OBJC_ARC = YES;
				CLANG_WARN_BOOL_CONVERSION = YES;
				CLANG_WARN_CONSTANT_CONVERSION = YES;
				CLANG_WARN_DIRECT_OBJC_ISA_USAGE = YES_ERROR;
				CLANG_WARN_DOCUMENTATION_COMMENTS = YES;
				CLANG_WARN_EMPTY_BODY = YES;
				CLANG_WARN_ENUM_CONVERSION = YES;
				CLANG_WARN_INFINITE_RECURSION = YES;
				CLANG_WARN_INT_CONVERSION = YES;
				CLANG_WARN_OBJC_ROOT_CLASS = YES_ERROR;
				CLANG_WARN_SUSPICIOUS_MOVE = YES;
				CLANG_WARN_UNREACHABLE_CODE = YES;
				CLANG_WARN__DUPLICATE_METHOD_MATCH = YES;
				"CODE_SIGN_IDENTITY[sdk=iphoneos*]" = "iPhone Developer";
				COPY_PHASE_STRIP = NO;
				DEBUG_INFORMATION_FORMAT = dwarf;
				ENABLE_STRICT_OBJC_MSGSEND = YES;
				ENABLE_TESTABILITY = YES;
				GCC_C_LANGUAGE_STANDARD = gnu99;
				GCC_DYNAMIC_NO_PIC = NO;
				GCC_NO_COMMON_BLOCKS = YES;
				GCC_OPTIMIZATION_LEVEL = 0;
				GCC_PREPROCESSOR_DEFINITIONS = (
					"DEBUG=1",
					"$(inherited)",
				);
				GCC_WARN_64_TO_32_BIT_CONVERSION = YES;
				GCC_WARN_ABOUT_RETURN_TYPE = YES_ERROR;
				GCC_WARN_UNDECLARED_SELECTOR = YES;
				GCC_WARN_UNINITIALIZED_AUTOS = YES_AGGRESSIVE;
				GCC_WARN_UNUSED_FUNCTION = YES;
				GCC_WARN_UNUSED_VARIABLE = YES;
				IPHONEOS_DEPLOYMENT_TARGET = 10.2;
				MTL_ENABLE_DEBUG_INFO = YES;
				ONLY_ACTIVE_ARCH = YES;
				SDKROOT = iphoneos;
				SWIFT_ACTIVE_COMPILATION_CONDITIONS = DEBUG;
				SWIFT_OPTIMIZATION_LEVEL = "-Onone";
				TARGETED_DEVICE_FAMILY = "1,2";
			};
			name = Debug;
		};
		B6824BD61E6FF99A004CD129 /* Release */ = {
			isa = XCBuildConfiguration;
			buildSettings = {
				ALWAYS_SEARCH_USER_PATHS = NO;
				CLANG_ANALYZER_NONNULL = YES;
				CLANG_CXX_LANGUAGE_STANDARD = "gnu++0x";
				CLANG_CXX_LIBRARY = "libc++";
				CLANG_ENABLE_MODULES = YES;
				CLANG_ENABLE_OBJC_ARC = YES;
				CLANG_WARN_BOOL_CONVERSION = YES;
				CLANG_WARN_CONSTANT_CONVERSION = YES;
				CLANG_WARN_DIRECT_OBJC_ISA_USAGE = YES_ERROR;
				CLANG_WARN_DOCUMENTATION_COMMENTS = YES;
				CLANG_WARN_EMPTY_BODY = YES;
				CLANG_WARN_ENUM_CONVERSION = YES;
				CLANG_WARN_INFINITE_RECURSION = YES;
				CLANG_WARN_INT_CONVERSION = YES;
				CLANG_WARN_OBJC_ROOT_CLASS = YES_ERROR;
				CLANG_WARN_SUSPICIOUS_MOVE = YES;
				CLANG_WARN_UNREACHABLE_CODE = YES;
				CLANG_WARN__DUPLICATE_METHOD_MATCH = YES;
				"CODE_SIGN_IDENTITY[sdk=iphoneos*]" = "iPhone Developer";
				COPY_PHASE_STRIP = NO;
				DEBUG_INFORMATION_FORMAT = "dwarf-with-dsym";
				ENABLE_NS_ASSERTIONS = NO;
				ENABLE_STRICT_OBJC_MSGSEND = YES;
				GCC_C_LANGUAGE_STANDARD = gnu99;
				GCC_NO_COMMON_BLOCKS = YES;
				GCC_WARN_64_TO_32_BIT_CONVERSION = YES;
				GCC_WARN_ABOUT_RETURN_TYPE = YES_ERROR;
				GCC_WARN_UNDECLARED_SELECTOR = YES;
				GCC_WARN_UNINITIALIZED_AUTOS = YES_AGGRESSIVE;
				GCC_WARN_UNUSED_FUNCTION = YES;
				GCC_WARN_UNUSED_VARIABLE = YES;
				IPHONEOS_DEPLOYMENT_TARGET = 10.2;
				MTL_ENABLE_DEBUG_INFO = NO;
				SDKROOT = iphoneos;
				SWIFT_OPTIMIZATION_LEVEL = "-Owholemodule";
				TARGETED_DEVICE_FAMILY = "1,2";
				VALIDATE_PRODUCT = YES;
			};
			name = Release;
		};
		B6824BD81E6FF99A004CD129 /* Debug */ = {
			isa = XCBuildConfiguration;
			buildSettings = {
				ASSETCATALOG_COMPILER_APPICON_NAME = AppIcon;
				INFOPLIST_FILE = CatTracker/Info.plist;
				LD_RUNPATH_SEARCH_PATHS = "$(inherited) @executable_path/Frameworks";
				PRODUCT_BUNDLE_IDENTIFIER = edu.cuhk.csci3310.tyng3.CatTracker;
				PRODUCT_NAME = "$(TARGET_NAME)";
				SWIFT_VERSION = 3.0;
			};
			name = Debug;
		};
		B6824BD91E6FF99A004CD129 /* Release */ = {
			isa = XCBuildConfiguration;
			buildSettings = {
				ASSETCATALOG_COMPILER_APPICON_NAME = AppIcon;
				INFOPLIST_FILE = CatTracker/Info.plist;
				LD_RUNPATH_SEARCH_PATHS = "$(inherited) @executable_path/Frameworks";
				PRODUCT_BUNDLE_IDENTIFIER = edu.cuhk.csci3310.tyng3.CatTracker;
				PRODUCT_NAME = "$(TARGET_NAME)";
				SWIFT_VERSION = 3.0;
			};
			name = Release;
		};
		B6824BDB1E6FF99A004CD129 /* Debug */ = {
			isa = XCBuildConfiguration;
			buildSettings = {
				ALWAYS_EMBED_SWIFT_STANDARD_LIBRARIES = YES;
				BUNDLE_LOADER = "$(TEST_HOST)";
				INFOPLIST_FILE = CatTrackerTests/Info.plist;
				LD_RUNPATH_SEARCH_PATHS = "$(inherited) @executable_path/Frameworks @loader_path/Frameworks";
				PRODUCT_BUNDLE_IDENTIFIER = edu.cuhk.csci3310.tyng3.CatTrackerTests;
				PRODUCT_NAME = "$(TARGET_NAME)";
				SWIFT_VERSION = 3.0;
				TEST_HOST = "$(BUILT_PRODUCTS_DIR)/CatTracker.app/CatTracker";
			};
			name = Debug;
		};
		B6824BDC1E6FF99A004CD129 /* Release */ = {
			isa = XCBuildConfiguration;
			buildSettings = {
				ALWAYS_EMBED_SWIFT_STANDARD_LIBRARIES = YES;
				BUNDLE_LOADER = "$(TEST_HOST)";
				INFOPLIST_FILE = CatTrackerTests/Info.plist;
				LD_RUNPATH_SEARCH_PATHS = "$(inherited) @executable_path/Frameworks @loader_path/Frameworks";
				PRODUCT_BUNDLE_IDENTIFIER = edu.cuhk.csci3310.tyng3.CatTrackerTests;
				PRODUCT_NAME = "$(TARGET_NAME)";
				SWIFT_VERSION = 3.0;
				TEST_HOST = "$(BUILT_PRODUCTS_DIR)/CatTracker.app/CatTracker";
			};
			name = Release;
		};
/* End XCBuildConfiguration section */

/* Begin XCConfigurationList section */
		B6824BB51E6FF999004CD129 /* Build configuration list for PBXProject "CatTracker" */ = {
			isa = XCConfigurationList;
			buildConfigurations = (
				B6824BD51E6FF99A004CD129 /* Debug */,
				B6824BD61E6FF99A004CD129 /* Release */,
			);
			defaultConfigurationIsVisible = 0;
			defaultConfigurationName = Release;
		};
		B6824BD71E6FF99A004CD129 /* Build configuration list for PBXNativeTarget "CatTracker" */ = {
			isa = XCConfigurationList;
			buildConfigurations = (
				B6824BD81E6FF99A004CD129 /* Debug */,
				B6824BD91E6FF99A004CD129 /* Release */,
			);
			defaultConfigurationIsVisible = 0;
			defaultConfigurationName = Release;
		};
		B6824BDA1E6FF99A004CD129 /* Build configuration list for PBXNativeTarget "CatTrackerTests" */ = {
			isa = XCConfigurationList;
			buildConfigurations = (
				B6824BDB1E6FF99A004CD129 /* Debug */,
				B6824BDC1E6FF99A004CD129 /* Release */,
			);
			defaultConfigurationIsVisible = 0;
			defaultConfigurationName = Release;
		};
/* End XCConfigurationList section */
	};
	rootObject = B6824BB21E6FF999004CD129 /* Project object */;
}
